
Microsoft Visual Studio Solution File, Format Version 12.00
# Visual Studio 14
VisualStudioVersion = 14.0.25420.1
MinimumVisualStudioVersion = 10.0.40219.1
Project("{A07B5EB6-E848-4116-A8D0-A826331D98C6}") = "SandboxFabric", "Host\SandboxFabric\SandboxFabric.sfproj", "{7CBEEFD4-6AEE-4115-9380-134623FCCE11}"
EndProject
Project("{8BB2217D-0F2D-49D1-97BC-3654ED321F3B}") = "Gateway", "ServiceFabricComponents\Gateway\Gateway.xproj", "{CD8ED466-E9D4-4607-897B-4C767E3C0D4D}"
EndProject
Project("{FAE04EC0-301F-11D3-BF4B-00C04F79EFBC}") = "CalculatorActor", "ServiceFabricComponents\CalculatorActor\CalculatorActor.csproj", "{5C167BC5-BD84-4899-9B73-2A1CE6E243AC}"
EndProject
Project("{FAE04EC0-301F-11D3-BF4B-00C04F79EFBC}") = "Sandbox.Interfaces", "Interface\Sandbox.Interfaces\Sandbox.Interfaces.csproj", "{C0064FCA-6A96-4B6F-B8B1-4030809194DB}"
EndProject
Project("{FAE04EC0-301F-11D3-BF4B-00C04F79EFBC}") = "Model.Internal", "Model\Internal\Src\Model.Internal.csproj", "{E349A26D-31B8-46FB-8D15-2F765A556616}"
EndProject
Project("{FAE04EC0-301F-11D3-BF4B-00C04F79EFBC}") = "Model.Internal.Tests", "Model\Internal\Tests\Model.Internal.Tests.csproj", "{3E5E72F5-7F20-4EAC-8EC4-7763A6C12D29}"
EndProject
Project("{2150E333-8FDC-42A3-9474-1A3956D46DE8}") = "Model", "Model", "{B0B69C26-C875-4A9B-B4FA-78F0116454FC}"
EndProject
Project("{2150E333-8FDC-42A3-9474-1A3956D46DE8}") = "Host", "Host", "{D867AEE4-16CB-4847-AAE5-7653E17CAE35}"
EndProject
Project("{2150E333-8FDC-42A3-9474-1A3956D46DE8}") = "Interface", "Interface", "{A1909D66-CBCA-44BB-803D-DE20CF08F87F}"
EndProject
Project("{2150E333-8FDC-42A3-9474-1A3956D46DE8}") = "ServiceFabricComponents", "ServiceFabricComponents", "{C7D68852-7366-47B4-BE84-37436649386D}"
EndProject
Project("{CC5FD16D-436D-48AD-A40C-5A424C6E3E79}") = "WorkerHost", "Host\WorkerHost\WorkerHost.ccproj", "{D8F6D8F5-8C44-4B65-9C7D-32833A17B2B3}"
EndProject
Project("{FAE04EC0-301F-11D3-BF4B-00C04F79EFBC}") = "WorkerRoleWithSBQueue", "Worker\WorkerRoleWithSBQueue\WorkerRoleWithSBQueue.csproj", "{4465FFAA-3653-4633-BCED-99C539144D78}"
EndProject
Project("{2150E333-8FDC-42A3-9474-1A3956D46DE8}") = "Worker", "Worker", "{F74C8FDD-4AE1-4ABA-9CFB-8D6FEBE254C0}"
EndProject
Project("{FAE04EC0-301F-11D3-BF4B-00C04F79EFBC}") = "QueueManagerActor", "ServiceFabricComponents\QueueManagerActor\QueueManagerActor.csproj", "{EFB8E3A7-E6BD-4109-8B33-1586C4EB2A18}"
EndProject
Project("{FAE04EC0-301F-11D3-BF4B-00C04F79EFBC}") = "Framework", "ServiceFabricComponents\Framework\Framework.csproj", "{278EFB71-782F-43F7-8B8E-B1C2A3E76A26}"
EndProject
Project("{2150E333-8FDC-42A3-9474-1A3956D46DE8}") = "Common", "Common", "{F509C34E-0006-4C30-AEF0-666AB4239A05}"
EndProject
Project("{FAE04EC0-301F-11D3-BF4B-00C04F79EFBC}") = "Azure.Storage", "Common\Azure.Storage\Azure.Storage.csproj", "{8CB3BA54-8F6C-4D88-8E47-000E03AEF952}"
EndProject
Global
	GlobalSection(SolutionConfigurationPlatforms) = preSolution
		Debug|Any CPU = Debug|Any CPU
		Debug|x64 = Debug|x64
		Release|Any CPU = Release|Any CPU
		Release|x64 = Release|x64
	EndGlobalSection
	GlobalSection(ProjectConfigurationPlatforms) = postSolution
		{7CBEEFD4-6AEE-4115-9380-134623FCCE11}.Debug|Any CPU.ActiveCfg = Debug|x64
		{7CBEEFD4-6AEE-4115-9380-134623FCCE11}.Debug|x64.ActiveCfg = Debug|x64
		{7CBEEFD4-6AEE-4115-9380-134623FCCE11}.Debug|x64.Build.0 = Debug|x64
		{7CBEEFD4-6AEE-4115-9380-134623FCCE11}.Debug|x64.Deploy.0 = Debug|x64
		{7CBEEFD4-6AEE-4115-9380-134623FCCE11}.Release|Any CPU.ActiveCfg = Release|x64
		{7CBEEFD4-6AEE-4115-9380-134623FCCE11}.Release|x64.ActiveCfg = Release|x64
		{7CBEEFD4-6AEE-4115-9380-134623FCCE11}.Release|x64.Build.0 = Release|x64
		{7CBEEFD4-6AEE-4115-9380-134623FCCE11}.Release|x64.Deploy.0 = Release|x64
		{CD8ED466-E9D4-4607-897B-4C767E3C0D4D}.Debug|Any CPU.ActiveCfg = Debug|Any CPU
		{CD8ED466-E9D4-4607-897B-4C767E3C0D4D}.Debug|Any CPU.Build.0 = Debug|Any CPU
		{CD8ED466-E9D4-4607-897B-4C767E3C0D4D}.Debug|x64.ActiveCfg = Debug|Any CPU
		{CD8ED466-E9D4-4607-897B-4C767E3C0D4D}.Debug|x64.Build.0 = Debug|Any CPU
		{CD8ED466-E9D4-4607-897B-4C767E3C0D4D}.Release|Any CPU.ActiveCfg = Release|Any CPU
		{CD8ED466-E9D4-4607-897B-4C767E3C0D4D}.Release|Any CPU.Build.0 = Release|Any CPU
		{CD8ED466-E9D4-4607-897B-4C767E3C0D4D}.Release|x64.ActiveCfg = Release|Any CPU
		{CD8ED466-E9D4-4607-897B-4C767E3C0D4D}.Release|x64.Build.0 = Release|Any CPU
		{5C167BC5-BD84-4899-9B73-2A1CE6E243AC}.Debug|Any CPU.ActiveCfg = Debug|x86
		{5C167BC5-BD84-4899-9B73-2A1CE6E243AC}.Debug|x64.ActiveCfg = Debug|x64
		{5C167BC5-BD84-4899-9B73-2A1CE6E243AC}.Debug|x64.Build.0 = Debug|x64
		{5C167BC5-BD84-4899-9B73-2A1CE6E243AC}.Release|Any CPU.ActiveCfg = Debug|x86
		{5C167BC5-BD84-4899-9B73-2A1CE6E243AC}.Release|Any CPU.Build.0 = Debug|x86
		{5C167BC5-BD84-4899-9B73-2A1CE6E243AC}.Release|x64.ActiveCfg = Debug|x64
		{5C167BC5-BD84-4899-9B73-2A1CE6E243AC}.Release|x64.Build.0 = Debug|x64
		{C0064FCA-6A96-4B6F-B8B1-4030809194DB}.Debug|Any CPU.ActiveCfg = Debug|Any CPU
		{C0064FCA-6A96-4B6F-B8B1-4030809194DB}.Debug|Any CPU.Build.0 = Debug|Any CPU
		{C0064FCA-6A96-4B6F-B8B1-4030809194DB}.Debug|x64.ActiveCfg = Debug|Any CPU
		{C0064FCA-6A96-4B6F-B8B1-4030809194DB}.Debug|x64.Build.0 = Debug|Any CPU
		{C0064FCA-6A96-4B6F-B8B1-4030809194DB}.Release|Any CPU.ActiveCfg = Debug|Any CPU
		{C0064FCA-6A96-4B6F-B8B1-4030809194DB}.Release|Any CPU.Build.0 = Debug|Any CPU
		{C0064FCA-6A96-4B6F-B8B1-4030809194DB}.Release|x64.ActiveCfg = Debug|Any CPU
		{C0064FCA-6A96-4B6F-B8B1-4030809194DB}.Release|x64.Build.0 = Debug|Any CPU
		{E349A26D-31B8-46FB-8D15-2F765A556616}.Debug|Any CPU.ActiveCfg = Debug|Any CPU
		{E349A26D-31B8-46FB-8D15-2F765A556616}.Debug|Any CPU.Build.0 = Debug|Any CPU
		{E349A26D-31B8-46FB-8D15-2F765A556616}.Debug|x64.ActiveCfg = Debug|Any CPU
		{E349A26D-31B8-46FB-8D15-2F765A556616}.Debug|x64.Build.0 = Debug|Any CPU
		{E349A26D-31B8-46FB-8D15-2F765A556616}.Release|Any CPU.ActiveCfg = Debug|Any CPU
		{E349A26D-31B8-46FB-8D15-2F765A556616}.Release|Any CPU.Build.0 = Debug|Any CPU
		{E349A26D-31B8-46FB-8D15-2F765A556616}.Release|x64.ActiveCfg = Debug|Any CPU
		{E349A26D-31B8-46FB-8D15-2F765A556616}.Release|x64.Build.0 = Debug|Any CPU
		{3E5E72F5-7F20-4EAC-8EC4-7763A6C12D29}.Debug|Any CPU.ActiveCfg = Debug|Any CPU
		{3E5E72F5-7F20-4EAC-8EC4-7763A6C12D29}.Debug|Any CPU.Build.0 = Debug|Any CPU
		{3E5E72F5-7F20-4EAC-8EC4-7763A6C12D29}.Debug|x64.ActiveCfg = Debug|Any CPU
		{3E5E72F5-7F20-4EAC-8EC4-7763A6C12D29}.Debug|x64.Build.0 = Debug|Any CPU
		{3E5E72F5-7F20-4EAC-8EC4-7763A6C12D29}.Release|Any CPU.ActiveCfg = Debug|Any CPU
		{3E5E72F5-7F20-4EAC-8EC4-7763A6C12D29}.Release|Any CPU.Build.0 = Debug|Any CPU
		{3E5E72F5-7F20-4EAC-8EC4-7763A6C12D29}.Release|x64.ActiveCfg = Debug|Any CPU
		{3E5E72F5-7F20-4EAC-8EC4-7763A6C12D29}.Release|x64.Build.0 = Debug|Any CPU
		{D8F6D8F5-8C44-4B65-9C7D-32833A17B2B3}.Debug|Any CPU.ActiveCfg = Debug|Any CPU
		{D8F6D8F5-8C44-4B65-9C7D-32833A17B2B3}.Debug|Any CPU.Build.0 = Debug|Any CPU
		{D8F6D8F5-8C44-4B65-9C7D-32833A17B2B3}.Debug|x64.ActiveCfg = Debug|Any CPU
		{D8F6D8F5-8C44-4B65-9C7D-32833A17B2B3}.Debug|x64.Build.0 = Debug|Any CPU
		{D8F6D8F5-8C44-4B65-9C7D-32833A17B2B3}.Release|Any CPU.ActiveCfg = Release|Any CPU
		{D8F6D8F5-8C44-4B65-9C7D-32833A17B2B3}.Release|Any CPU.Build.0 = Release|Any CPU
		{D8F6D8F5-8C44-4B65-9C7D-32833A17B2B3}.Release|x64.ActiveCfg = Release|Any CPU
		{D8F6D8F5-8C44-4B65-9C7D-32833A17B2B3}.Release|x64.Build.0 = Release|Any CPU
		{4465FFAA-3653-4633-BCED-99C539144D78}.Debug|Any CPU.ActiveCfg = Debug|Any CPU
		{4465FFAA-3653-4633-BCED-99C539144D78}.Debug|Any CPU.Build.0 = Debug|Any CPU
		{4465FFAA-3653-4633-BCED-99C539144D78}.Debug|x64.ActiveCfg = Debug|x64
		{4465FFAA-3653-4633-BCED-99C539144D78}.Debug|x64.Build.0 = Debug|x64
		{4465FFAA-3653-4633-BCED-99C539144D78}.Release|Any CPU.ActiveCfg = Release|Any CPU
		{4465FFAA-3653-4633-BCED-99C539144D78}.Release|Any CPU.Build.0 = Release|Any CPU
		{4465FFAA-3653-4633-BCED-99C539144D78}.Release|x64.ActiveCfg = Release|Any CPU
		{4465FFAA-3653-4633-BCED-99C539144D78}.Release|x64.Build.0 = Release|Any CPU
		{EFB8E3A7-E6BD-4109-8B33-1586C4EB2A18}.Debug|Any CPU.ActiveCfg = Debug|x64
		{EFB8E3A7-E6BD-4109-8B33-1586C4EB2A18}.Debug|x64.ActiveCfg = Debug|x64
		{EFB8E3A7-E6BD-4109-8B33-1586C4EB2A18}.Debug|x64.Build.0 = Debug|x64
		{EFB8E3A7-E6BD-4109-8B33-1586C4EB2A18}.Release|Any CPU.ActiveCfg = Debug|x64
		{EFB8E3A7-E6BD-4109-8B33-1586C4EB2A18}.Release|Any CPU.Build.0 = Debug|x64
		{EFB8E3A7-E6BD-4109-8B33-1586C4EB2A18}.Release|x64.ActiveCfg = Debug|x64
		{EFB8E3A7-E6BD-4109-8B33-1586C4EB2A18}.Release|x64.Build.0 = Debug|x64
		{278EFB71-782F-43F7-8B8E-B1C2A3E76A26}.Debug|Any CPU.ActiveCfg = Debug|Any CPU
		{278EFB71-782F-43F7-8B8E-B1C2A3E76A26}.Debug|Any CPU.Build.0 = Debug|Any CPU
		{278EFB71-782F-43F7-8B8E-B1C2A3E76A26}.Debug|x64.ActiveCfg = Debug|Any CPU
		{278EFB71-782F-43F7-8B8E-B1C2A3E76A26}.Debug|x64.Build.0 = Debug|Any CPU
		{278EFB71-782F-43F7-8B8E-B1C2A3E76A26}.Release|Any CPU.ActiveCfg = Debug|Any CPU
		{278EFB71-782F-43F7-8B8E-B1C2A3E76A26}.Release|Any CPU.Build.0 = Debug|Any CPU
		{278EFB71-782F-43F7-8B8E-B1C2A3E76A26}.Release|x64.ActiveCfg = Debug|Any CPU
		{278EFB71-782F-43F7-8B8E-B1C2A3E76A26}.Release|x64.Build.0 = Debug|Any CPU
		{8CB3BA54-8F6C-4D88-8E47-000E03AEF952}.Debug|Any CPU.ActiveCfg = Debug|Any CPU
		{8CB3BA54-8F6C-4D88-8E47-000E03AEF952}.Debug|Any CPU.Build.0 = Debug|Any CPU
		{8CB3BA54-8F6C-4D88-8E47-000E03AEF952}.Debug|x64.ActiveCfg = Debug|Any CPU
		{8CB3BA54-8F6C-4D88-8E47-000E03AEF952}.Debug|x64.Build.0 = Debug|Any CPU
		{8CB3BA54-8F6C-4D88-8E47-000E03AEF952}.Release|Any CPU.ActiveCfg = Release|Any CPU
		{8CB3BA54-8F6C-4D88-8E47-000E03AEF952}.Release|Any CPU.Build.0 = Release|Any CPU
		{8CB3BA54-8F6C-4D88-8E47-000E03AEF952}.Release|x64.ActiveCfg = Release|Any CPU
		{8CB3BA54-8F6C-4D88-8E47-000E03AEF952}.Release|x64.Build.0 = Release|Any CPU
	EndGlobalSection
	GlobalSection(SolutionProperties) = preSolution
		HideSolutionNode = FALSE
	EndGlobalSection
	GlobalSection(NestedProjects) = preSolution
		{7CBEEFD4-6AEE-4115-9380-134623FCCE11} = {D867AEE4-16CB-4847-AAE5-7653E17CAE35}
		{CD8ED466-E9D4-4607-897B-4C767E3C0D4D} = {C7D68852-7366-47B4-BE84-37436649386D}
		{5C167BC5-BD84-4899-9B73-2A1CE6E243AC} = {C7D68852-7366-47B4-BE84-37436649386D}
		{C0064FCA-6A96-4B6F-B8B1-4030809194DB} = {A1909D66-CBCA-44BB-803D-DE20CF08F87F}
		{E349A26D-31B8-46FB-8D15-2F765A556616} = {B0B69C26-C875-4A9B-B4FA-78F0116454FC}
		{3E5E72F5-7F20-4EAC-8EC4-7763A6C12D29} = {B0B69C26-C875-4A9B-B4FA-78F0116454FC}
		{D8F6D8F5-8C44-4B65-9C7D-32833A17B2B3} = {D867AEE4-16CB-4847-AAE5-7653E17CAE35}
		{4465FFAA-3653-4633-BCED-99C539144D78} = {F74C8FDD-4AE1-4ABA-9CFB-8D6FEBE254C0}
		{EFB8E3A7-E6BD-4109-8B33-1586C4EB2A18} = {C7D68852-7366-47B4-BE84-37436649386D}
		{278EFB71-782F-43F7-8B8E-B1C2A3E76A26} = {C7D68852-7366-47B4-BE84-37436649386D}
		{8CB3BA54-8F6C-4D88-8E47-000E03AEF952} = {F509C34E-0006-4C30-AEF0-666AB4239A05}
	EndGlobalSection
EndGlobal
